
Microsoft Visual Studio Solution File, Format Version 12.00
# Visual Studio Version 17
VisualStudioVersion = 17.7.34202.233
MinimumVisualStudioVersion = 10.0.40219.1
Project("{FAE04EC0-301F-11D3-BF4B-00C04F79EFBC}") = "Bivens_HRManager", "Bivens_HRManager\Bivens_HRManager.csproj", "{DE80784A-E13B-467D-B8D4-B4595C69C126}"
EndProject
Global
	GlobalSection(SolutionConfigurationPlatforms) = preSolution
		Debug|Any CPU = Debug|Any CPU
		Release|Any CPU = Release|Any CPU
	EndGlobalSection
	GlobalSection(ProjectConfigurationPlatforms) = postSolution
		{DE80784A-E13B-467D-B8D4-B4595C69C126}.Debug|Any CPU.ActiveCfg = Debug|Any CPU
		{DE80784A-E13B-467D-B8D4-B4595C69C126}.Debug|Any CPU.Build.0 = Debug|Any CPU
		{DE80784A-E13B-467D-B8D4-B4595C69C126}.Release|Any CPU.ActiveCfg = Release|Any CPU
		{DE80784A-E13B-467D-B8D4-B4595C69C126}.Release|Any CPU.Build.0 = Release|Any CPU
	EndGlobalSection
	GlobalSection(SolutionProperties) = preSolution
		HideSolutionNode = FALSE
	EndGlobalSection
	GlobalSection(ExtensibilityGlobals) = postSolution
		SolutionGuid = {B6D15949-7DB9-4B70-A051-35A230FED3B1}
	EndGlobalSection
EndGlobal
